
Microsoft Visual Studio Solution File, Format Version 12.00
# Visual Studio Version 16
VisualStudioVersion = 16.0.32002.261
MinimumVisualStudioVersion = 10.0.40219.1
Project("{FAE04EC0-301F-11D3-BF4B-00C04F79EFBC}") = "Task1", "ITMO-BIM_m1-lab16\Task1.csproj", "{50F966DD-2F32-46DB-9603-9C923180F2B9}"
EndProject
Project("{FAE04EC0-301F-11D3-BF4B-00C04F79EFBC}") = "Task2", "Task2\Task2.csproj", "{FDCD01C0-FE21-4D8D-AC96-33EC7BFDD234}"
EndProject
Global
	GlobalSection(SolutionConfigurationPlatforms) = preSolution
		Debug|Any CPU = Debug|Any CPU
		Release|Any CPU = Release|Any CPU
	EndGlobalSection
	GlobalSection(ProjectConfigurationPlatforms) = postSolution
		{50F966DD-2F32-46DB-9603-9C923180F2B9}.Debug|Any CPU.ActiveCfg = Debug|Any CPU
		{50F966DD-2F32-46DB-9603-9C923180F2B9}.Debug|Any CPU.Build.0 = Debug|Any CPU
		{50F966DD-2F32-46DB-9603-9C923180F2B9}.Release|Any CPU.ActiveCfg = Release|Any CPU
		{50F966DD-2F32-46DB-9603-9C923180F2B9}.Release|Any CPU.Build.0 = Release|Any CPU
		{FDCD01C0-FE21-4D8D-AC96-33EC7BFDD234}.Debug|Any CPU.ActiveCfg = Debug|Any CPU
		{FDCD01C0-FE21-4D8D-AC96-33EC7BFDD234}.Debug|Any CPU.Build.0 = Debug|Any CPU
		{FDCD01C0-FE21-4D8D-AC96-33EC7BFDD234}.Release|Any CPU.ActiveCfg = Release|Any CPU
		{FDCD01C0-FE21-4D8D-AC96-33EC7BFDD234}.Release|Any CPU.Build.0 = Release|Any CPU
	EndGlobalSection
	GlobalSection(SolutionProperties) = preSolution
		HideSolutionNode = FALSE
	EndGlobalSection
	GlobalSection(ExtensibilityGlobals) = postSolution
		SolutionGuid = {E5CFA127-D078-456D-82D8-D3F6C8CDBCDE}
	EndGlobalSection
EndGlobal
